{
  "name": "react-typescript",
  "version": "1.0.0",
  "lockfileVersion": 1,
  "requires": true,
  "dependencies": {
    "tsc-init": {
      "version": "2.1.0",
      "resolved": "https://registry.npmjs.org/tsc-init/-/tsc-init-2.1.0.tgz",
      "integrity": "sha512-0hKc/Qdf/fi2AAmJejMSfXykwfP2MJXL6lbkA5qzMPUUurj8or7w30I/jTa86i2Ixpp2g7WXOgKWoT39MGXFew=="
    },
    "typescript": {
      "version": "4.9.5",
      "resolved": "https://registry.npmjs.org/typescript/-/typescript-4.9.5.tgz",
      "integrity": "sha512-1FXk9E2Hm+QzZQ7z+McJiHL4NW1F2EzMu9Nq9i3zAaGqibafqYwCVU6WyWAuyQRRzOlxou8xZSyXLEN8oKj24g=="
    }
  }
}
